
Microsoft Visual Studio Solution File, Format Version 12.00
# Visual Studio Version 17
VisualStudioVersion = 17.13.35913.81 d17.13
MinimumVisualStudioVersion = 10.0.40219.1
Project("{FAE04EC0-301F-11D3-BF4B-00C04F79EFBC}") = "Bitmap.Lite", "Bitmap.Lite\Bitmap.Lite.csproj", "{962FC13E-E1C3-428A-8617-E9FD7EB0816A}"
EndProject
Global
	GlobalSection(SolutionConfigurationPlatforms) = preSolution
		Debug|Any CPU = Debug|Any CPU
		Release|Any CPU = Release|Any CPU
	EndGlobalSection
	GlobalSection(ProjectConfigurationPlatforms) = postSolution
		{962FC13E-E1C3-428A-8617-E9FD7EB0816A}.Debug|Any CPU.ActiveCfg = Debug|Any CPU
		{962FC13E-E1C3-428A-8617-E9FD7EB0816A}.Debug|Any CPU.Build.0 = Debug|Any CPU
		{962FC13E-E1C3-428A-8617-E9FD7EB0816A}.Release|Any CPU.ActiveCfg = Release|Any CPU
		{962FC13E-E1C3-428A-8617-E9FD7EB0816A}.Release|Any CPU.Build.0 = Release|Any CPU
	EndGlobalSection
	GlobalSection(SolutionProperties) = preSolution
		HideSolutionNode = FALSE
	EndGlobalSection
	GlobalSection(ExtensibilityGlobals) = postSolution
		SolutionGuid = {8119FC50-1029-4E52-91A2-0664536E9618}
	EndGlobalSection
EndGlobal
